{
  "name": "yup-utils",
  "version": "2.1.0",
  "lockfileVersion": 3,
  "requires": true,
  "packages": {
    "": {
      "name": "yup-utils",
      "version": "2.1.0",
      "license": "MIT",
      "devDependencies": {
        "@types/node": "^24.0.13"
      },
      "peerDependencies": {
        "yup": "^1.4.0"
      }
    },
    "node_modules/@types/node": {
      "version": "24.0.13",
      "resolved": "https://registry.npmjs.org/@types/node/-/node-24.0.13.tgz",
      "integrity": "sha512-Qm9OYVOFHFYg3wJoTSrz80hoec5Lia/dPp84do3X7dZvLikQvM1YpmvTBEdIr/e+U8HTkFjLHLnl78K/qjf+jQ==",
      "dev": true,
      "dependencies": {
        "undici-types": "~7.8.0"
      }
    },
    "node_modules/property-expr": {
      "version": "2.0.6",
      "resolved": "https://registry.npmjs.org/property-expr/-/property-expr-2.0.6.tgz",
      "integrity": "sha512-SVtmxhRE/CGkn3eZY1T6pC8Nln6Fr/lu1mKSgRud0eC73whjGfoAogbn78LkD8aFL0zz3bAFerKSnOl7NlErBA==",
      "peer": true
    },
    "node_modules/tiny-case": {
      "version": "1.0.3",
      "resolved": "https://registry.npmjs.org/tiny-case/-/tiny-case-1.0.3.tgz",
      "integrity": "sha512-Eet/eeMhkO6TX8mnUteS9zgPbUMQa4I6Kkp5ORiBD5476/m+PIRiumP5tmh5ioJpH7k51Kehawy2UDfsnxxY8Q==",
      "peer": true
    },
    "node_modules/toposort": {
      "version": "2.0.2",
      "resolved": "https://registry.npmjs.org/toposort/-/toposort-2.0.2.tgz",
      "integrity": "sha512-0a5EOkAUp8D4moMi2W8ZF8jcga7BgZd91O/yabJCFY8az+XSzeGyTKs0Aoo897iV1Nj6guFq8orWDS96z91oGg==",
      "peer": true
    },
    "node_modules/type-fest": {
      "version": "2.19.0",
      "resolved": "https://registry.npmjs.org/type-fest/-/type-fest-2.19.0.tgz",
      "integrity": "sha512-RAH822pAdBgcNMAfWnCBU3CFZcfZ/i1eZjwFU/dsLKumyuuP3niueg2UAukXYF0E2AAoc82ZSSf9J0WQBinzHA==",
      "peer": true,
      "engines": {
        "node": ">=12.20"
      },
      "funding": {
        "url": "https://github.com/sponsors/sindresorhus"
      }
    },
    "node_modules/undici-types": {
      "version": "7.8.0",
      "resolved": "https://registry.npmjs.org/undici-types/-/undici-types-7.8.0.tgz",
      "integrity": "sha512-9UJ2xGDvQ43tYyVMpuHlsgApydB8ZKfVYTsLDhXkFL/6gfkp+U8xTGdh8pMJv1SpZna0zxG1DwsKZsreLbXBxw==",
      "dev": true
    },
    "node_modules/yup": {
      "version": "1.6.1",
      "resolved": "https://registry.npmjs.org/yup/-/yup-1.6.1.tgz",
      "integrity": "sha512-JED8pB50qbA4FOkDol0bYF/p60qSEDQqBD0/qeIrUCG1KbPBIQ776fCUNb9ldbPcSTxA69g/47XTo4TqWiuXOA==",
      "peer": true,
      "dependencies": {
        "property-expr": "^2.0.5",
        "tiny-case": "^1.0.3",
        "toposort": "^2.0.2",
        "type-fest": "^2.19.0"
      }
    }
  }
}
